
Microsoft Visual Studio Solution File, Format Version 12.00
# Visual Studio Version 17
VisualStudioVersion = 17.0.32014.148
MinimumVisualStudioVersion = 10.0.40219.1
Project("{FAE04EC0-301F-11D3-BF4B-00C04F79EFBC}") = "nChain.Common", "nChain.Common\nChain.Common.csproj", "{3AC11E28-F614-4721-82D1-8D1E35675352}"
EndProject
Project("{FAE04EC0-301F-11D3-BF4B-00C04F79EFBC}") = "nChain.Console", "nChain.Console\nChain.Console.csproj", "{8928725C-DDA3-4E02-A7C3-B1F2D760DD2C}"
EndProject
Global
	GlobalSection(SolutionConfigurationPlatforms) = preSolution
		Debug|Any CPU = Debug|Any CPU
		Release|Any CPU = Release|Any CPU
	EndGlobalSection
	GlobalSection(ProjectConfigurationPlatforms) = postSolution
		{3AC11E28-F614-4721-82D1-8D1E35675352}.Debug|Any CPU.ActiveCfg = Debug|Any CPU
		{3AC11E28-F614-4721-82D1-8D1E35675352}.Debug|Any CPU.Build.0 = Debug|Any CPU
		{3AC11E28-F614-4721-82D1-8D1E35675352}.Release|Any CPU.ActiveCfg = Release|Any CPU
		{3AC11E28-F614-4721-82D1-8D1E35675352}.Release|Any CPU.Build.0 = Release|Any CPU
		{8928725C-DDA3-4E02-A7C3-B1F2D760DD2C}.Debug|Any CPU.ActiveCfg = Debug|Any CPU
		{8928725C-DDA3-4E02-A7C3-B1F2D760DD2C}.Debug|Any CPU.Build.0 = Debug|Any CPU
		{8928725C-DDA3-4E02-A7C3-B1F2D760DD2C}.Release|Any CPU.ActiveCfg = Release|Any CPU
		{8928725C-DDA3-4E02-A7C3-B1F2D760DD2C}.Release|Any CPU.Build.0 = Release|Any CPU
	EndGlobalSection
	GlobalSection(SolutionProperties) = preSolution
		HideSolutionNode = FALSE
	EndGlobalSection
	GlobalSection(ExtensibilityGlobals) = postSolution
		SolutionGuid = {81644D1C-63B5-4963-882A-C2168DF9A65E}
	EndGlobalSection
EndGlobal
